
Microsoft Visual Studio Solution File, Format Version 12.00
# Visual Studio 15
VisualStudioVersion = 15.0.28307.572
MinimumVisualStudioVersion = 10.0.40219.1
Project("{FAE04EC0-301F-11D3-BF4B-00C04F79EFBC}") = "ComputerGraphics-ClippingFilling", "ComputerGraphics-ClippingFilling\ComputerGraphics-ClippingFilling.csproj", "{8C1EA3A2-AD6B-4149-A794-F4575A6ADEE5}"
EndProject
Global
	GlobalSection(SolutionConfigurationPlatforms) = preSolution
		Debug|Any CPU = Debug|Any CPU
		Release|Any CPU = Release|Any CPU
	EndGlobalSection
	GlobalSection(ProjectConfigurationPlatforms) = postSolution
		{8C1EA3A2-AD6B-4149-A794-F4575A6ADEE5}.Debug|Any CPU.ActiveCfg = Debug|Any CPU
		{8C1EA3A2-AD6B-4149-A794-F4575A6ADEE5}.Debug|Any CPU.Build.0 = Debug|Any CPU
		{8C1EA3A2-AD6B-4149-A794-F4575A6ADEE5}.Release|Any CPU.ActiveCfg = Release|Any CPU
		{8C1EA3A2-AD6B-4149-A794-F4575A6ADEE5}.Release|Any CPU.Build.0 = Release|Any CPU
	EndGlobalSection
	GlobalSection(SolutionProperties) = preSolution
		HideSolutionNode = FALSE
	EndGlobalSection
	GlobalSection(ExtensibilityGlobals) = postSolution
		SolutionGuid = {2890BCE9-5C65-44E0-966A-0864A70FD45B}
	EndGlobalSection
EndGlobal
